
Microsoft Visual Studio Solution File, Format Version 12.00
# Visual Studio Version 17
VisualStudioVersion = 17.11.35303.130
MinimumVisualStudioVersion = 10.0.40219.1
Project("{FAE04EC0-301F-11D3-BF4B-00C04F79EFBC}") = "ServiceTests", "TestDoubles\ServiceTests.csproj", "{7186B448-7AA2-44F3-B5AD-911B8A5C420D}"
EndProject
Project("{FAE04EC0-301F-11D3-BF4B-00C04F79EFBC}") = "Services", "Services\Services.csproj", "{8F250F54-2466-4159-9618-24262191664D}"
EndProject
Global
	GlobalSection(SolutionConfigurationPlatforms) = preSolution
		Debug|Any CPU = Debug|Any CPU
		Release|Any CPU = Release|Any CPU
	EndGlobalSection
	GlobalSection(ProjectConfigurationPlatforms) = postSolution
		{7186B448-7AA2-44F3-B5AD-911B8A5C420D}.Debug|Any CPU.ActiveCfg = Debug|Any CPU
		{7186B448-7AA2-44F3-B5AD-911B8A5C420D}.Debug|Any CPU.Build.0 = Debug|Any CPU
		{7186B448-7AA2-44F3-B5AD-911B8A5C420D}.Release|Any CPU.ActiveCfg = Release|Any CPU
		{7186B448-7AA2-44F3-B5AD-911B8A5C420D}.Release|Any CPU.Build.0 = Release|Any CPU
		{8F250F54-2466-4159-9618-24262191664D}.Debug|Any CPU.ActiveCfg = Debug|Any CPU
		{8F250F54-2466-4159-9618-24262191664D}.Debug|Any CPU.Build.0 = Debug|Any CPU
		{8F250F54-2466-4159-9618-24262191664D}.Release|Any CPU.ActiveCfg = Release|Any CPU
		{8F250F54-2466-4159-9618-24262191664D}.Release|Any CPU.Build.0 = Release|Any CPU
	EndGlobalSection
	GlobalSection(SolutionProperties) = preSolution
		HideSolutionNode = FALSE
	EndGlobalSection
	GlobalSection(ExtensibilityGlobals) = postSolution
		SolutionGuid = {573CBF59-2FA8-4E7B-BC7A-7CB7EFC8C895}
	EndGlobalSection
EndGlobal
